# THIS IS AN AUTOGENERATED FILE. DO NOT EDIT THIS FILE DIRECTLY.
# yarn lockfile v1


"@next/env@14.2.3":
  version "14.2.3"
  resolved "https://registry.npmjs.org/@next/env/-/env-14.2.3.tgz"
  integrity sha512-W7fd7IbkfmeeY2gXrzJYDx8D2lWKbVoTIj1o1ScPHNzvp30s1AuoEFSdr39bC5sjxJaxTtq3OTCZboNp0lNWHA==

"@next/swc-darwin-arm64@14.2.3":
  version "14.2.3"
  resolved "https://registry.yarnpkg.com/@next/swc-darwin-arm64/-/swc-darwin-arm64-14.2.3.tgz#db1a05eb88c0224089b815ad10ac128ec79c2cdb"
  integrity sha512-3pEYo/RaGqPP0YzwnlmPN2puaF2WMLM3apt5jLW2fFdXD9+pqcoTzRk+iZsf8ta7+quAe4Q6Ms0nR0SFGFdS1A==

"@next/swc-darwin-x64@14.2.3":
  version "14.2.3"
  resolved "https://registry.yarnpkg.com/@next/swc-darwin-x64/-/swc-darwin-x64-14.2.3.tgz#a3f8af05b5f9a52ac3082e66ac29e125ab1d7b9c"
  integrity sha512-6adp7waE6P1TYFSXpY366xwsOnEXM+y1kgRpjSRVI2CBDOcbRjsJ67Z6EgKIqWIue52d2q/Mx8g9MszARj8IEA==

"@next/swc-linux-arm64-gnu@14.2.3":
  version "14.2.3"
  resolved "https://registry.yarnpkg.com/@next/swc-linux-arm64-gnu/-/swc-linux-arm64-gnu-14.2.3.tgz#4e63f43879285b52554bfd39e6e0cc78a9b27bbf"
  integrity sha512-cuzCE/1G0ZSnTAHJPUT1rPgQx1w5tzSX7POXSLaS7w2nIUJUD+e25QoXD/hMfxbsT9rslEXugWypJMILBj/QsA==

"@next/swc-linux-arm64-musl@14.2.3":
  version "14.2.3"
  resolved "https://registry.yarnpkg.com/@next/swc-linux-arm64-musl/-/swc-linux-arm64-musl-14.2.3.tgz#ebdaed26214448b1e6f2c3e8b3cd29bfba387990"
  integrity sha512-0D4/oMM2Y9Ta3nGuCcQN8jjJjmDPYpHX9OJzqk42NZGJocU2MqhBq5tWkJrUQOQY9N+In9xOdymzapM09GeiZw==

"@next/swc-linux-x64-gnu@14.2.3":
  version "14.2.3"
  resolved "https://registry.npmjs.org/@next/swc-linux-x64-gnu/-/swc-linux-x64-gnu-14.2.3.tgz"
  integrity sha512-ENPiNnBNDInBLyUU5ii8PMQh+4XLr4pG51tOp6aJ9xqFQ2iRI6IH0Ds2yJkAzNV1CfyagcyzPfROMViS2wOZ9w==

"@next/swc-linux-x64-musl@14.2.3":
  version "14.2.3"
  resolved "https://registry.npmjs.org/@next/swc-linux-x64-musl/-/swc-linux-x64-musl-14.2.3.tgz"
  integrity sha512-BTAbq0LnCbF5MtoM7I/9UeUu/8ZBY0i8SFjUMCbPDOLv+un67e2JgyN4pmgfXBwy/I+RHu8q+k+MCkDN6P9ViQ==

"@next/swc-win32-arm64-msvc@14.2.3":
  version "14.2.3"
  resolved "https://registry.yarnpkg.com/@next/swc-win32-arm64-msvc/-/swc-win32-arm64-msvc-14.2.3.tgz#eda9fa0fbf1ff9113e87ac2668ee67ce9e5add5a"
  integrity sha512-AEHIw/dhAMLNFJFJIJIyOFDzrzI5bAjI9J26gbO5xhAKHYTZ9Or04BesFPXiAYXDNdrwTP2dQceYA4dL1geu8A==

"@next/swc-win32-ia32-msvc@14.2.3":
  version "14.2.3"
  resolved "https://registry.yarnpkg.com/@next/swc-win32-ia32-msvc/-/swc-win32-ia32-msvc-14.2.3.tgz#7c1190e3f640ab16580c6bdbd7d0e766b9920457"
  integrity sha512-vga40n1q6aYb0CLrM+eEmisfKCR45ixQYXuBXxOOmmoV8sYST9k7E3US32FsY+CkkF7NtzdcebiFT4CHuMSyZw==

"@next/swc-win32-x64-msvc@14.2.3":
  version "14.2.3"
  resolved "https://registry.yarnpkg.com/@next/swc-win32-x64-msvc/-/swc-win32-x64-msvc-14.2.3.tgz#2be4e39ee25bfbd85be78eea17c0e7751dc4323c"
  integrity sha512-Q1/zm43RWynxrO7lW4ehciQVj+5ePBhOK+/K2P7pLFX3JaJ/IZVC69SHidrmZSOkqz7ECIOhhy7XhAFG4JYyHA==

"@reduxjs/toolkit@^2.2.5":
  version "2.2.5"
  resolved "https://registry.yarnpkg.com/@reduxjs/toolkit/-/toolkit-2.2.5.tgz#c0d2d8482ef80722bebe015ff05b06c34bfb6e0d"
  integrity sha512-aeFA/s5NCG7NoJe/MhmwREJxRkDs0ZaSqt0MxhWUrwCf1UQXpwR87RROJEql0uAkLI6U7snBOYOcKw83ew3FPg==
  dependencies:
    immer "^10.0.3"
    redux "^5.0.1"
    redux-thunk "^3.1.0"
    reselect "^5.1.0"

"@swc/counter@^0.1.3":
  version "0.1.3"
  resolved "https://registry.npmjs.org/@swc/counter/-/counter-0.1.3.tgz"
  integrity sha512-e2BR4lsJkkRlKZ/qCHPw9ZaSxc0MVUd7gtbtaB7aMvHeJVYe8sOB8DBZkP2DtISHGSku9sCK6T6cnY0CtXrOCQ==

"@swc/helpers@0.5.5":
  version "0.5.5"
  resolved "https://registry.npmjs.org/@swc/helpers/-/helpers-0.5.5.tgz"
  integrity sha512-KGYxvIOXcceOAbEk4bi/dVLEK9z8sZ0uBB3Il5b1rhfClSpcX0yfRO0KmTkqR2cnQDymwLB+25ZyMzICg/cm/A==
  dependencies:
    "@swc/counter" "^0.1.3"
    tslib "^2.4.0"

"@types/js-cookie@^3.0.6":
  version "3.0.6"
  resolved "https://registry.yarnpkg.com/@types/js-cookie/-/js-cookie-3.0.6.tgz#a04ca19e877687bd449f5ad37d33b104b71fdf95"
  integrity sha512-wkw9yd1kEXOPnvEeEV1Go1MmxtBJL0RR79aOTAApecWFVu7w0NNXNqhcWgvw2YgZDYadliXkl14pa3WXw5jlCQ==

"@types/js-yaml@^4.0.9":
  version "4.0.9"
  resolved "https://registry.npmjs.org/@types/js-yaml/-/js-yaml-4.0.9.tgz"
  integrity sha512-k4MGaQl5TGo/iipqb2UDG2UwjXziSWkh0uysQelTlJpX1qGlpUZYm8PnO4DxG1qBomtJUdYJ6qR6xdIah10JLg==

"@types/node@^20":
  version "20.12.12"
  resolved "https://registry.npmjs.org/@types/node/-/node-20.12.12.tgz"
  integrity sha512-eWLDGF/FOSPtAvEqeRAQ4C8LSA7M1I7i0ky1I8U7kD1J5ITyW3AsRhQrKVoWf5pFKZ2kILsEGJhsI9r93PYnOw==
  dependencies:
    undici-types "~5.26.4"

"@types/prop-types@*":
  version "15.7.12"
  resolved "https://registry.npmjs.org/@types/prop-types/-/prop-types-15.7.12.tgz"
  integrity sha512-5zvhXYtRNRluoE/jAp4GVsSduVUzNWKkOZrCDBWYtE7biZywwdC2AcEzg+cSMLFRfVgeAFqpfNabiPjxFddV1Q==

"@types/react-dom@^18":
  version "18.3.0"
  resolved "https://registry.npmjs.org/@types/react-dom/-/react-dom-18.3.0.tgz"
  integrity sha512-EhwApuTmMBmXuFOikhQLIBUn6uFg81SwLMOAUgodJF14SOBOCMdU04gDoYi0WOJJHD144TL32z4yDqCW3dnkQg==
  dependencies:
    "@types/react" "*"

"@types/react@*", "@types/react@^18":
  version "18.3.2"
  resolved "https://registry.npmjs.org/@types/react/-/react-18.3.2.tgz"
  integrity sha512-Btgg89dAnqD4vV7R3hlwOxgqobUQKgx3MmrQRi0yYbs/P0ym8XozIAlkqVilPqHQwXs4e9Tf63rrCgl58BcO4w==
  dependencies:
    "@types/prop-types" "*"
    csstype "^3.0.2"

"@types/use-sync-external-store@^0.0.3":
  version "0.0.3"
  resolved "https://registry.yarnpkg.com/@types/use-sync-external-store/-/use-sync-external-store-0.0.3.tgz#b6725d5f4af24ace33b36fafd295136e75509f43"
  integrity sha512-EwmlvuaxPNej9+T4v5AuBPJa2x2UOJVdjCtDHgcDqitUeOtjnJKJ+apYjVcAoBEMjKW1VVFGZLUb5+qqa09XFA==

argparse@^1.0.7:
  version "1.0.10"
  resolved "https://registry.npmjs.org/argparse/-/argparse-1.0.10.tgz"
  integrity sha512-o5Roy6tNG4SL/FOkCAN6RzjiakZS25RLYFrcMttJqbdd8BWrnA+fGz57iN5Pb06pvBGvl5gQ0B48dJlslXvoTg==
  dependencies:
    sprintf-js "~1.0.2"

argparse@^2.0.1:
  version "2.0.1"
  resolved "https://registry.npmjs.org/argparse/-/argparse-2.0.1.tgz"
  integrity sha512-8+9WqebbFzpX9OR+Wa6O29asIogeRMzcGtAINdpMHHyAg10f05aSFVBbcEqGf/PXw1EjAZ+q2/bEBg3DvurK3Q==

big.js@^5.2.2:
  version "5.2.2"
  resolved "https://registry.npmjs.org/big.js/-/big.js-5.2.2.tgz"
  integrity sha512-vyL2OymJxmarO8gxMr0mhChsO9QGwhynfuu4+MHTAW6czfq9humCB7rKpUjDd9YUiDPU4mzpyupFSvOClAwbmQ==

busboy@1.6.0:
  version "1.6.0"
  resolved "https://registry.npmjs.org/busboy/-/busboy-1.6.0.tgz"
  integrity sha512-8SFQbg/0hQ9xy3UNTB0YEnsNBbWfhf7RtnzpL7TkBiTBRfrQ9Fxcnz7VJsleJpyp6rVLvXiuORqjlHi5q+PYuA==
  dependencies:
    streamsearch "^1.1.0"

caniuse-lite@^1.0.30001579:
  version "1.0.30001618"
  resolved "https://registry.npmjs.org/caniuse-lite/-/caniuse-lite-1.0.30001618.tgz"
  integrity sha512-p407+D1tIkDvsEAPS22lJxLQQaG8OTBEqo0KhzfABGk0TU4juBNDSfH0hyAp/HRyx+M8L17z/ltyhxh27FTfQg==

chalk@^5.3.0:
  version "5.3.0"
  resolved "https://registry.yarnpkg.com/chalk/-/chalk-5.3.0.tgz#67c20a7ebef70e7f3970a01f90fa210cb6860385"
  integrity sha512-dLitG79d+GV1Nb/VYcCDFivJeK1hiukt9QjRNVOsUtTy1rR1YJsmpGGTZ3qJos+uw7WmWF4wUwBd9jxjocFC2w==

client-only@0.0.1:
  version "0.0.1"
  resolved "https://registry.npmjs.org/client-only/-/client-only-0.0.1.tgz"
  integrity sha512-IV3Ou0jSMzZrd3pZ48nLkT9DA7Ag1pnPzaiQhpW7c3RbcqqzvzzVu+L8gfqMp/8IM2MQtSiqaCxrrcfu8I8rMA==

csstype@^3.0.2:
  version "3.1.3"
  resolved "https://registry.npmjs.org/csstype/-/csstype-3.1.3.tgz"
  integrity sha512-M1uQkMl8rQK/szD0LNhtqxIPLpimGm8sOBwU7lLnCpSbTyY3yeU1Vc7l4KT5zT4s/yOxHH5O7tIuuLOCnLADRw==

emojis-list@^3.0.0:
  version "3.0.0"
  resolved "https://registry.npmjs.org/emojis-list/-/emojis-list-3.0.0.tgz"
  integrity sha512-/kyM18EfinwXZbno9FyUGeFh87KC8HRQBQGildHZbEuRyWFOmv1U10o9BBp8XVZDVNNuQKyIGIu5ZYAAXJ0V2Q==

esprima@^4.0.0:
  version "4.0.1"
  resolved "https://registry.npmjs.org/esprima/-/esprima-4.0.1.tgz"
  integrity sha512-eGuFFw7Upda+g4p+QHvnW0RyTX/SVeJBDM/gCtMARO0cLuT2HcEKnTPvhjV6aGeqrCB/sbNop0Kszm0jsaWU4A==

fs-extra@^11.2.0:
  version "11.2.0"
  resolved "https://registry.npmjs.org/fs-extra/-/fs-extra-11.2.0.tgz"
  integrity sha512-PmDi3uwK5nFuXh7XDTlVnS17xJS7vW36is2+w3xcv8SVxiB4NyATf4ctkVY5bkSjX0Y4nbvZCq1/EjtEyr9ktw==
  dependencies:
    graceful-fs "^4.2.0"
    jsonfile "^6.0.1"
    universalify "^2.0.0"

graceful-fs@^4.1.6, graceful-fs@^4.2.0, graceful-fs@^4.2.11:
  version "4.2.11"
  resolved "https://registry.npmjs.org/graceful-fs/-/graceful-fs-4.2.11.tgz"
  integrity sha512-RbJ5/jmFcNNCcDV5o9eTnBLJ/HszWV0P73bc+Ff4nS/rJj+YaS6IGyiOL0VoBYX+l1Wrl3k63h/KrH+nhJ0XvQ==

immer@^10.0.3:
  version "10.1.1"
  resolved "https://registry.yarnpkg.com/immer/-/immer-10.1.1.tgz#206f344ea372d8ea176891545ee53ccc062db7bc"
  integrity sha512-s2MPrmjovJcoMaHtx6K11Ra7oD05NT97w1IC5zpMkT6Atjr7H8LjaDd81iIxUYpMKSRRNMJE703M1Fhr/TctHw==

javascript-stringify@^2.0.1:
  version "2.1.0"
  resolved "https://registry.npmjs.org/javascript-stringify/-/javascript-stringify-2.1.0.tgz"
  integrity sha512-JVAfqNPTvNq3sB/VHQJAFxN/sPgKnsKrCwyRt15zwNCdrMMJDdcEOdubuy+DuJYYdm0ox1J4uzEuYKkN+9yhVg==

js-cookie@^3.0.5:
  version "3.0.5"
  resolved "https://registry.yarnpkg.com/js-cookie/-/js-cookie-3.0.5.tgz#0b7e2fd0c01552c58ba86e0841f94dc2557dcdbc"
  integrity sha512-cEiJEAEoIbWfCZYKWhVwFuvPX1gETRYPw6LlaTKoxD3s2AkXzkCjnp6h0V77ozyqj0jakteJ4YqDJT830+lVGw==

"js-tokens@^3.0.0 || ^4.0.0":
  version "4.0.0"
  resolved "https://registry.npmjs.org/js-tokens/-/js-tokens-4.0.0.tgz"
  integrity sha512-RdJUflcE3cUzKiMqQgsCu06FPu9UdIJO0beYbPhHN4k6apgJtifcoCtT9bcxOpYBtpD2kCM6Sbzg4CausW/PKQ==

js-yaml-loader@^1.2.2:
  version "1.2.2"
  resolved "https://registry.npmjs.org/js-yaml-loader/-/js-yaml-loader-1.2.2.tgz"
  integrity sha512-H+NeuNrG6uOs/WMjna2SjkaCw13rMWiT/D7l9+9x5n8aq88BDsh2sRmdfxckWPIHtViYHWRG6XiCKYvS1dfyLg==
  dependencies:
    js-yaml "^3.13.1"
    loader-utils "^1.2.3"
    un-eval "^1.2.0"

js-yaml@^3.13.1:
  version "3.14.1"
  resolved "https://registry.npmjs.org/js-yaml/-/js-yaml-3.14.1.tgz"
  integrity sha512-okMH7OXXJ7YrN9Ok3/SXrnu4iX9yOk+25nqX4imS2npuvTYDmo/QEZoqwZkYaIDk3jVvBOTOIEgEhaLOynBS9g==
  dependencies:
    argparse "^1.0.7"
    esprima "^4.0.0"

js-yaml@^4.1.0:
  version "4.1.0"
  resolved "https://registry.npmjs.org/js-yaml/-/js-yaml-4.1.0.tgz"
  integrity sha512-wpxZs9NoxZaJESJGIZTyDEaYpl0FKSA+FB9aJiyemKhMwkxQg63h4T1KJgUGHpTqPDNRcmmYLugrRjJlBtWvRA==
  dependencies:
    argparse "^2.0.1"

json5@^1.0.1:
  version "1.0.2"
  resolved "https://registry.npmjs.org/json5/-/json5-1.0.2.tgz"
  integrity sha512-g1MWMLBiz8FKi1e4w0UyVL3w+iJceWAFBAaBnnGKOpNa5f8TLktkbre1+s6oICydWAm+HRUGTmI+//xv2hvXYA==
  dependencies:
    minimist "^1.2.0"

json5@^2.1.2:
  version "2.2.3"
  resolved "https://registry.npmjs.org/json5/-/json5-2.2.3.tgz"
  integrity sha512-XmOWe7eyHYH14cLdVPoyg+GOH3rYX++KpzrylJwSW98t3Nk+U8XOl8FWKOgwtzdb8lXGf6zYwDUzeHMWfxasyg==

jsonfile@^6.0.1:
  version "6.1.0"
  resolved "https://registry.npmjs.org/jsonfile/-/jsonfile-6.1.0.tgz"
  integrity sha512-5dgndWOriYSm5cnYaJNhalLNDKOqFwyDB/rr1E9ZsGciGvKPs8R2xYGCacuf3z6K1YKDz182fd+fY3cn3pMqXQ==
  dependencies:
    universalify "^2.0.0"
  optionalDependencies:
    graceful-fs "^4.1.6"

loader-utils@^1.2.3:
  version "1.4.2"
  resolved "https://registry.npmjs.org/loader-utils/-/loader-utils-1.4.2.tgz"
  integrity sha512-I5d00Pd/jwMD2QCduo657+YM/6L3KZu++pmX9VFncxaxvHcru9jx1lBaFft+r4Mt2jK0Yhp41XlRAihzPxHNCg==
  dependencies:
    big.js "^5.2.2"
    emojis-list "^3.0.0"
    json5 "^1.0.1"

loader-utils@^2.0.0:
  version "2.0.4"
  resolved "https://registry.npmjs.org/loader-utils/-/loader-utils-2.0.4.tgz"
  integrity sha512-xXqpXoINfFhgua9xiqD8fPFHgkoq1mmmpE92WlDbm9rNRd/EbRb+Gqf908T2DMfuHjjJlksiK2RbHVOdD/MqSw==
  dependencies:
    big.js "^5.2.2"
    emojis-list "^3.0.0"
    json5 "^2.1.2"

loose-envify@^1.1.0:
  version "1.4.0"
  resolved "https://registry.npmjs.org/loose-envify/-/loose-envify-1.4.0.tgz"
  integrity sha512-lyuxPGr/Wfhrlem2CL/UcnUc1zcqKAImBDzukY7Y5F/yQiNdko6+fRLevlw1HgMySw7f611UIY408EtxRSoK3Q==
  dependencies:
    js-tokens "^3.0.0 || ^4.0.0"

minimist@^1.2.0:
  version "1.2.8"
  resolved "https://registry.npmjs.org/minimist/-/minimist-1.2.8.tgz"
  integrity sha512-2yyAR8qBkN3YuheJanUpWC5U3bb5osDywNB8RzDVlDwDHbocAJveqqj1u8+SVD7jkWT4yvsHCpWqqWqAxb0zCA==

nanoid@^3.3.6:
  version "3.3.7"
  resolved "https://registry.npmjs.org/nanoid/-/nanoid-3.3.7.tgz"
  integrity sha512-eSRppjcPIatRIMC1U6UngP8XFcz8MQWGQdt1MTBQ7NaAmvXDfvNxbvWV3x2y6CdEUciCSsDHDQZbhYaB8QEo2g==

next-plugin-yaml@^1.0.1:
  version "1.0.1"
  resolved "https://registry.npmjs.org/next-plugin-yaml/-/next-plugin-yaml-1.0.1.tgz"
  integrity sha512-k13wbpN33wTgrgWUBiXPtObXO94JOEiwvYKJ3X0JrBz2yaW24EfNaVqHwA0dwhsn9PyPIKhPhgsu3bhJsNs+cQ==
  dependencies:
    js-yaml-loader "^1.2.2"

next@14.2.3:
  version "14.2.3"
  resolved "https://registry.npmjs.org/next/-/next-14.2.3.tgz"
  integrity sha512-dowFkFTR8v79NPJO4QsBUtxv0g9BrS/phluVpMAt2ku7H+cbcBJlopXjkWlwxrk/xGqMemr7JkGPGemPrLLX7A==
  dependencies:
    "@next/env" "14.2.3"
    "@swc/helpers" "0.5.5"
    busboy "1.6.0"
    caniuse-lite "^1.0.30001579"
    graceful-fs "^4.2.11"
    postcss "8.4.31"
    styled-jsx "5.1.1"
  optionalDependencies:
    "@next/swc-darwin-arm64" "14.2.3"
    "@next/swc-darwin-x64" "14.2.3"
    "@next/swc-linux-arm64-gnu" "14.2.3"
    "@next/swc-linux-arm64-musl" "14.2.3"
    "@next/swc-linux-x64-gnu" "14.2.3"
    "@next/swc-linux-x64-musl" "14.2.3"
    "@next/swc-win32-arm64-msvc" "14.2.3"
    "@next/swc-win32-ia32-msvc" "14.2.3"
    "@next/swc-win32-x64-msvc" "14.2.3"

picocolors@^1.0.0:
  version "1.0.1"
  resolved "https://registry.npmjs.org/picocolors/-/picocolors-1.0.1.tgz"
  integrity sha512-anP1Z8qwhkbmu7MFP5iTt+wQKXgwzf7zTyGlcdzabySa9vd0Xt392U0rVmz9poOaBj0uHJKyyo9/upk0HrEQew==

postcss@8.4.31:
  version "8.4.31"
  resolved "https://registry.npmjs.org/postcss/-/postcss-8.4.31.tgz"
  integrity sha512-PS08Iboia9mts/2ygV3eLpY5ghnUcfLV/EXTOW1E2qYxJKGGBUtNjN76FYHnMs36RmARn41bC0AZmn+rR0OVpQ==
  dependencies:
    nanoid "^3.3.6"
    picocolors "^1.0.0"
    source-map-js "^1.0.2"

react-dom@^18:
  version "18.3.1"
  resolved "https://registry.npmjs.org/react-dom/-/react-dom-18.3.1.tgz"
  integrity sha512-5m4nQKp+rZRb09LNH59GM4BxTh9251/ylbKIbpe7TpGxfJ+9kv6BLkLBXIjjspbgbnIBNqlI23tRnTWT0snUIw==
  dependencies:
    loose-envify "^1.1.0"
    scheduler "^0.23.2"

react-redux@^9.1.2:
  version "9.1.2"
  resolved "https://registry.yarnpkg.com/react-redux/-/react-redux-9.1.2.tgz#deba38c64c3403e9abd0c3fbeab69ffd9d8a7e4b"
  integrity sha512-0OA4dhM1W48l3uzmv6B7TXPCGmokUU4p1M44DGN2/D9a1FjVPukVjER1PcPX97jIg6aUeLq1XJo1IpfbgULn0w==
  dependencies:
    "@types/use-sync-external-store" "^0.0.3"
    use-sync-external-store "^1.0.0"

react@^18:
  version "18.3.1"
  resolved "https://registry.npmjs.org/react/-/react-18.3.1.tgz"
  integrity sha512-wS+hAgJShR0KhEvPJArfuPVN1+Hz1t0Y6n5jLrGQbkb4urgPE/0Rve+1kMB1v/oWgHgm4WIcV+i7F2pTVj+2iQ==
  dependencies:
    loose-envify "^1.1.0"

redux-thunk@^3.1.0:
  version "3.1.0"
  resolved "https://registry.yarnpkg.com/redux-thunk/-/redux-thunk-3.1.0.tgz#94aa6e04977c30e14e892eae84978c1af6058ff3"
  integrity sha512-NW2r5T6ksUKXCabzhL9z+h206HQw/NJkcLm1GPImRQ8IzfXwRGqjVhKJGauHirT0DAuyy6hjdnMZaRoAcy0Klw==

redux@^5.0.1:
  version "5.0.1"
  resolved "https://registry.yarnpkg.com/redux/-/redux-5.0.1.tgz#97fa26881ce5746500125585d5642c77b6e9447b"
  integrity sha512-M9/ELqF6fy8FwmkpnF0S3YKOqMyoWJ4+CS5Efg2ct3oY9daQvd/Pc71FpGZsVsbl3Cpb+IIcjBDUnnyBdQbq4w==

reselect@^5.1.0:
  version "5.1.0"
  resolved "https://registry.yarnpkg.com/reselect/-/reselect-5.1.0.tgz#c479139ab9dd91be4d9c764a7f3868210ef8cd21"
  integrity sha512-aw7jcGLDpSgNDyWBQLv2cedml85qd95/iszJjN988zX1t7AVRJi19d9kto5+W7oCfQ94gyo40dVbT6g2k4/kXg==

scheduler@^0.23.2:
  version "0.23.2"
  resolved "https://registry.npmjs.org/scheduler/-/scheduler-0.23.2.tgz"
  integrity sha512-UOShsPwz7NrMUqhR6t0hWjFduvOzbtv7toDH1/hIrfRNIDBnnBWd0CwJTGvTpngVlmwGCdP9/Zl/tVrDqcuYzQ==
  dependencies:
    loose-envify "^1.1.0"

source-map-js@^1.0.2:
  version "1.2.0"
  resolved "https://registry.npmjs.org/source-map-js/-/source-map-js-1.2.0.tgz"
  integrity sha512-itJW8lvSA0TXEphiRoawsCksnlf8SyvmFzIhltqAHluXd88pkCd+cXJVHTDwdCr0IzwptSm035IHQktUu1QUMg==

sprintf-js@~1.0.2:
  version "1.0.3"
  resolved "https://registry.npmjs.org/sprintf-js/-/sprintf-js-1.0.3.tgz"
  integrity sha512-D9cPgkvLlV3t3IzL0D0YLvGA9Ahk4PcvVwUbN0dSGr1aP0Nrt4AEnTUbuGvquEC0mA64Gqt1fzirlRs5ibXx8g==

streamsearch@^1.1.0:
  version "1.1.0"
  resolved "https://registry.npmjs.org/streamsearch/-/streamsearch-1.1.0.tgz"
  integrity sha512-Mcc5wHehp9aXz1ax6bZUyY5afg9u2rv5cqQI3mRrYkGC8rW2hM02jWuwjtL++LS5qinSyhj2QfLyNsuc+VsExg==

styled-jsx@5.1.1:
  version "5.1.1"
  resolved "https://registry.npmjs.org/styled-jsx/-/styled-jsx-5.1.1.tgz"
  integrity sha512-pW7uC1l4mBZ8ugbiZrcIsiIvVx1UmTfw7UkC3Um2tmfUq9Bhk8IiyEIPl6F8agHgjzku6j0xQEZbfA5uSgSaCw==
  dependencies:
    client-only "0.0.1"

tslib@^2.4.0:
  version "2.6.2"
  resolved "https://registry.npmjs.org/tslib/-/tslib-2.6.2.tgz"
  integrity sha512-AEYxH93jGFPn/a2iVAwW87VuUIkR1FVUKB77NwMF7nBTDkDrrT/Hpt/IrCJ0QXhW27jTBDcf5ZY7w6RiqTMw2Q==

typescript@^5:
  version "5.4.5"
  resolved "https://registry.npmjs.org/typescript/-/typescript-5.4.5.tgz"
  integrity sha512-vcI4UpRgg81oIRUFwR0WSIHKt11nJ7SAVlYNIu+QpqeyXP+gpQJy/Z4+F0aGxSE4MqwjyXvW/TzgkLAx2AGHwQ==

un-eval@^1.2.0:
  version "1.2.0"
  resolved "https://registry.npmjs.org/un-eval/-/un-eval-1.2.0.tgz"
  integrity sha512-Wlj/pum6dQtGTPD/lclDtoVPkSfpjPfy1dwnnKw/sZP5DpBH9fLhBgQfsqNhe5/gS1D+vkZUuB771NRMUPA5CA==

undici-types@~5.26.4:
  version "5.26.5"
  resolved "https://registry.npmjs.org/undici-types/-/undici-types-5.26.5.tgz"
  integrity sha512-JlCMO+ehdEIKqlFxk6IfVoAUVmgz7cU7zD/h9XZ0qzeosSHmUJVOzSQvvYSYWXkFXC+IfLKSIffhv0sVZup6pA==

universalify@^2.0.0:
  version "2.0.1"
  resolved "https://registry.npmjs.org/universalify/-/universalify-2.0.1.tgz"
  integrity sha512-gptHNQghINnc/vTGIk0SOFGFNXw7JVrlRUtConJRlvaw6DuX0wO5Jeko9sWrMBhh+PsYAZ7oXAiOnf/UKogyiw==

use-sync-external-store@^1.0.0:
  version "1.2.2"
  resolved "https://registry.yarnpkg.com/use-sync-external-store/-/use-sync-external-store-1.2.2.tgz#c3b6390f3a30eba13200d2302dcdf1e7b57b2ef9"
  integrity sha512-PElTlVMwpblvbNqQ82d2n6RjStvdSoNe9FG28kNfz3WiXilJm4DdNkEzRhCZuIDwY8U08WVihhGR5iRqAwfDiw==

yaml-loader@^0.8.1:
  version "0.8.1"
  resolved "https://registry.npmjs.org/yaml-loader/-/yaml-loader-0.8.1.tgz"
  integrity sha512-BCEndnUoi3BaZmePkwGGe93txRxLgMhBa/gE725v1/GHnura8QvNs7c4+4C1yyhhKoj3Dg63M7IqhA++15j6ww==
  dependencies:
    javascript-stringify "^2.0.1"
    loader-utils "^2.0.0"
    yaml "^2.0.0"

yaml@^2.0.0, yaml@^2.4.2:
  version "2.4.2"
  resolved "https://registry.npmjs.org/yaml/-/yaml-2.4.2.tgz"
  integrity sha512-B3VqDZ+JAg1nZpaEmWtTXUlBneoGx6CPM9b0TENK6aoSu5t73dItudwdgmi6tHlIZZId4dZ9skcAQ2UbcyAeVA==
